
Microsoft Visual Studio Solution File, Format Version 12.00
# Visual Studio 15
VisualStudioVersion = 15.0.28307.271
MinimumVisualStudioVersion = 10.0.40219.1
Project("{FAE04EC0-301F-11D3-BF4B-00C04F79EFBC}") = "DataAccess.Android", "DataAccess\DataAccess.Android\DataAccess.Android.csproj", "{904165D2-CD17-400E-BDEE-7031699F9A90}"
EndProject
Project("{FAE04EC0-301F-11D3-BF4B-00C04F79EFBC}") = "DataAccess", "DataAccess\DataAccess\DataAccess.csproj", "{47C10B9E-B826-415F-8FDF-9EA75899F5A7}"
EndProject
Global
	GlobalSection(SolutionConfigurationPlatforms) = preSolution
		Debug|Any CPU = Debug|Any CPU
		Release|Any CPU = Release|Any CPU
	EndGlobalSection
	GlobalSection(ProjectConfigurationPlatforms) = postSolution
		{904165D2-CD17-400E-BDEE-7031699F9A90}.Debug|Any CPU.ActiveCfg = Debug|Any CPU
		{904165D2-CD17-400E-BDEE-7031699F9A90}.Debug|Any CPU.Build.0 = Debug|Any CPU
		{904165D2-CD17-400E-BDEE-7031699F9A90}.Debug|Any CPU.Deploy.0 = Debug|Any CPU
		{904165D2-CD17-400E-BDEE-7031699F9A90}.Release|Any CPU.ActiveCfg = Release|Any CPU
		{904165D2-CD17-400E-BDEE-7031699F9A90}.Release|Any CPU.Build.0 = Release|Any CPU
		{904165D2-CD17-400E-BDEE-7031699F9A90}.Release|Any CPU.Deploy.0 = Release|Any CPU
		{47C10B9E-B826-415F-8FDF-9EA75899F5A7}.Debug|Any CPU.ActiveCfg = Debug|Any CPU
		{47C10B9E-B826-415F-8FDF-9EA75899F5A7}.Debug|Any CPU.Build.0 = Debug|Any CPU
		{47C10B9E-B826-415F-8FDF-9EA75899F5A7}.Debug|Any CPU.Deploy.0 = Debug|Any CPU
		{47C10B9E-B826-415F-8FDF-9EA75899F5A7}.Release|Any CPU.ActiveCfg = Release|Any CPU
		{47C10B9E-B826-415F-8FDF-9EA75899F5A7}.Release|Any CPU.Build.0 = Release|Any CPU
		{47C10B9E-B826-415F-8FDF-9EA75899F5A7}.Release|Any CPU.Deploy.0 = Release|Any CPU
	EndGlobalSection
	GlobalSection(SolutionProperties) = preSolution
		HideSolutionNode = FALSE
	EndGlobalSection
	GlobalSection(ExtensibilityGlobals) = postSolution
		SolutionGuid = {D1366ACD-F8AF-417E-8A7D-AB5CE3391742}
	EndGlobalSection
EndGlobal
